
Microsoft Visual Studio Solution File, Format Version 12.00
# Visual Studio 15
VisualStudioVersion = 15.0.27703.2018
MinimumVisualStudioVersion = 10.0.40219.1
Project("{8BC9CEB8-8B4A-11D0-8D11-00A0C91BC942}") = "Project02", "Project02\Project02.vcxproj", "{02875B68-0C40-44E4-BDDB-CF49F9418237}"
EndProject
Global
	GlobalSection(SolutionConfigurationPlatforms) = preSolution
		Debug|x64 = Debug|x64
		Debug|x86 = Debug|x86
		Release|x64 = Release|x64
		Release|x86 = Release|x86
	EndGlobalSection
	GlobalSection(ProjectConfigurationPlatforms) = postSolution
		{02875B68-0C40-44E4-BDDB-CF49F9418237}.Debug|x64.ActiveCfg = Debug|x64
		{02875B68-0C40-44E4-BDDB-CF49F9418237}.Debug|x64.Build.0 = Debug|x64
		{02875B68-0C40-44E4-BDDB-CF49F9418237}.Debug|x86.ActiveCfg = Debug|Win32
		{02875B68-0C40-44E4-BDDB-CF49F9418237}.Debug|x86.Build.0 = Debug|Win32
		{02875B68-0C40-44E4-BDDB-CF49F9418237}.Release|x64.ActiveCfg = Release|x64
		{02875B68-0C40-44E4-BDDB-CF49F9418237}.Release|x64.Build.0 = Release|x64
		{02875B68-0C40-44E4-BDDB-CF49F9418237}.Release|x86.ActiveCfg = Release|Win32
		{02875B68-0C40-44E4-BDDB-CF49F9418237}.Release|x86.Build.0 = Release|Win32
	EndGlobalSection
	GlobalSection(SolutionProperties) = preSolution
		HideSolutionNode = FALSE
	EndGlobalSection
	GlobalSection(ExtensibilityGlobals) = postSolution
		SolutionGuid = {358476C7-DEFB-42C3-8187-36D9D76EAEA1}
	EndGlobalSection
EndGlobal
